
Microsoft Visual Studio Solution File, Format Version 12.00
# Visual Studio Version 16
VisualStudioVersion = 25.0.1706.7
MinimumVisualStudioVersion = 10.0.40219.1
Project("{FAE04EC0-301F-11D3-BF4B-00C04F79EFBC}") = "Contoso.Website", "Contoso.Website\Contoso.Website.csproj", "{A9BE1B21-FF7C-44C6-8894-14D6F18158E8}"
EndProject
Global
	GlobalSection(SolutionConfigurationPlatforms) = preSolution
		Debug|Any CPU = Debug|Any CPU
		Release|Any CPU = Release|Any CPU
	EndGlobalSection
	GlobalSection(ProjectConfigurationPlatforms) = postSolution
		{A9BE1B21-FF7C-44C6-8894-14D6F18158E8}.Debug|Any CPU.ActiveCfg = Debug|Any CPU
		{A9BE1B21-FF7C-44C6-8894-14D6F18158E8}.Debug|Any CPU.Build.0 = Debug|Any CPU
		{A9BE1B21-FF7C-44C6-8894-14D6F18158E8}.Release|Any CPU.ActiveCfg = Release|Any CPU
		{A9BE1B21-FF7C-44C6-8894-14D6F18158E8}.Release|Any CPU.Build.0 = Release|Any CPU
	EndGlobalSection
	GlobalSection(SolutionProperties) = preSolution
		HideSolutionNode = FALSE
	EndGlobalSection
	GlobalSection(ExtensibilityGlobals) = postSolution
		SolutionGuid = {A8EF811D-582A-4264-BE76-4C23C597DAB9}
	EndGlobalSection
EndGlobal
